
Microsoft Visual Studio Solution File, Format Version 12.00
# Visual Studio Version 16
VisualStudioVersion = 16.0.31313.79
MinimumVisualStudioVersion = 10.0.40219.1
Project("{FAE04EC0-301F-11D3-BF4B-00C04F79EFBC}") = "Encapsulation1", "Encapsulation\Encapsulation1.csproj", "{10D74ECF-C3A7-481C-A233-9128E50FA2E1}"
EndProject
Project("{FAE04EC0-301F-11D3-BF4B-00C04F79EFBC}") = "Singleton", "Singleton\Singleton.csproj", "{AAE30B1F-9951-4146-867A-E9FFC5BC3B76}"
EndProject
Project("{FAE04EC0-301F-11D3-BF4B-00C04F79EFBC}") = "Encapsulation2", "Encapsulation2\Encapsulation2.csproj", "{2141EFE0-9B2D-4564-A671-C0FED1B59FBA}"
EndProject
Global
	GlobalSection(SolutionConfigurationPlatforms) = preSolution
		Debug|Any CPU = Debug|Any CPU
		Release|Any CPU = Release|Any CPU
	EndGlobalSection
	GlobalSection(ProjectConfigurationPlatforms) = postSolution
		{10D74ECF-C3A7-481C-A233-9128E50FA2E1}.Debug|Any CPU.ActiveCfg = Debug|Any CPU
		{10D74ECF-C3A7-481C-A233-9128E50FA2E1}.Debug|Any CPU.Build.0 = Debug|Any CPU
		{10D74ECF-C3A7-481C-A233-9128E50FA2E1}.Release|Any CPU.ActiveCfg = Release|Any CPU
		{10D74ECF-C3A7-481C-A233-9128E50FA2E1}.Release|Any CPU.Build.0 = Release|Any CPU
		{AAE30B1F-9951-4146-867A-E9FFC5BC3B76}.Debug|Any CPU.ActiveCfg = Debug|Any CPU
		{AAE30B1F-9951-4146-867A-E9FFC5BC3B76}.Debug|Any CPU.Build.0 = Debug|Any CPU
		{AAE30B1F-9951-4146-867A-E9FFC5BC3B76}.Release|Any CPU.ActiveCfg = Release|Any CPU
		{AAE30B1F-9951-4146-867A-E9FFC5BC3B76}.Release|Any CPU.Build.0 = Release|Any CPU
		{2141EFE0-9B2D-4564-A671-C0FED1B59FBA}.Debug|Any CPU.ActiveCfg = Debug|Any CPU
		{2141EFE0-9B2D-4564-A671-C0FED1B59FBA}.Debug|Any CPU.Build.0 = Debug|Any CPU
		{2141EFE0-9B2D-4564-A671-C0FED1B59FBA}.Release|Any CPU.ActiveCfg = Release|Any CPU
		{2141EFE0-9B2D-4564-A671-C0FED1B59FBA}.Release|Any CPU.Build.0 = Release|Any CPU
	EndGlobalSection
	GlobalSection(SolutionProperties) = preSolution
		HideSolutionNode = FALSE
	EndGlobalSection
	GlobalSection(ExtensibilityGlobals) = postSolution
		SolutionGuid = {49911C2C-46C8-4948-88C7-93BAFF1FF9F0}
	EndGlobalSection
EndGlobal
